Microsoft Visual Studio Solution File, Format Version 12.00
# Visual Studio Version 18
VisualStudioVersion = 18.4.11620.152 stable
MinimumVisualStudioVersion = 10.0.40219.1
Project("{FAE04EC0-301F-11D3-BF4B-00C04F79EFBC}") = "PrototipoCompras", "PrototipoCompras.csproj", "{3AF5A6AE-D563-BE87-6785-5F0EE5E42CAF}"
EndProject
Global
	GlobalSection(SolutionConfigurationPlatforms) = preSolution
		Debug|Any CPU = Debug|Any CPU
		Release|Any CPU = Release|Any CPU
	EndGlobalSection
	GlobalSection(ProjectConfigurationPlatforms) = postSolution
		{3AF5A6AE-D563-BE87-6785-5F0EE5E42CAF}.Debug|Any CPU.ActiveCfg = Debug|Any CPU
		{3AF5A6AE-D563-BE87-6785-5F0EE5E42CAF}.Debug|Any CPU.Build.0 = Debug|Any CPU
		{3AF5A6AE-D563-BE87-6785-5F0EE5E42CAF}.Release|Any CPU.ActiveCfg = Release|Any CPU
		{3AF5A6AE-D563-BE87-6785-5F0EE5E42CAF}.Release|Any CPU.Build.0 = Release|Any CPU
	EndGlobalSection
	GlobalSection(SolutionProperties) = preSolution
		HideSolutionNode = FALSE
	EndGlobalSection
	GlobalSection(ExtensibilityGlobals) = postSolution
		SolutionGuid = {B306B35D-F359-4E9B-B324-A6CBF51DA296}
	EndGlobalSection
EndGlobal
